<?xml version="1.0" encoding="utf-8"?>
<Project ToolsVersion="4.0" xmlns="http://schemas.microsoft.com/developer/msbuild/2003">
  <ItemGroup>
    <Filter Include="win32">
      <UniqueIdentifier>{84a8ebd7-7cf0-47f6-b75e-d441df67da40}</UniqueIdentifier>
    </Filter>
    <Filter Include="resource">
      <UniqueIdentifier>{715254bc-d70b-4ec5-bf29-467dd3ace079}</UniqueIdentifier>
    </Filter>
    <Filter Include="src">
      <UniqueIdentifier>{bb6c862e-70e9-49d9-81b7-3829a6f50471}</UniqueIdentifier>
    </Filter>
  </ItemGroup>
  <ItemGroup>
    <ClCompile Include="main.cpp">
      <Filter>win32</Filter>
    </ClCompile>
    <ClCompile Include="..\Classes\AppDelegate.cpp">
      <Filter>src</Filter>
    </ClCompile>
    <ClCompile Include="..\Classes\HelloWorldScene.cpp">
      <Filter>src</Filter>
    </ClCompile>
    <ClCompile Include="..\Classes\help_scene.cpp">
      <Filter>src</Filter>
    </ClCompile>
    <ClCompile Include="..\Classes\Hero.cpp">
      <Filter>src</Filter>
    </ClCompile>
    <ClCompile Include="..\Classes\Monstermanager.cpp">
      <Filter>src</Filter>
    </ClCompile>
    <ClCompile Include="..\Classes\json\json_reader.cpp">
      <Filter>src</Filter>
    </ClCompile>
    <ClCompile Include="..\Classes\json\json_value.cpp">
      <Filter>src</Filter>
    </ClCompile>
    <ClCompile Include="..\Classes\json\json_writer.cpp">
      <Filter>src</Filter>
    </ClCompile>
    <ClCompile Include="Game_scene.cpp">
      <Filter>src</Filter>
    </ClCompile>
  </ItemGroup>
  <ItemGroup>
    <ClInclude Include="main.h">
      <Filter>win32</Filter>
    </ClInclude>
    <ClInclude Include="..\Classes\AppDelegate.h">
      <Filter>src</Filter>
    </ClInclude>
    <ClInclude Include="..\Classes\HelloWorldScene.h">
      <Filter>src</Filter>
    </ClInclude>
    <ClInclude Include="..\Classes\Game_Scene.h">
      <Filter>src</Filter>
    </ClInclude>
    <ClInclude Include="..\Classes\help_scene.h">
      <Filter>src</Filter>
    </ClInclude>
    <ClInclude Include="..\Classes\Hero.h">
      <Filter>src</Filter>
    </ClInclude>
    <ClInclude Include="..\Classes\Monstermanager.h">
      <Filter>src</Filter>
    </ClInclude>
    <ClInclude Include="..\Classes\json\autolink.h">
      <Filter>src</Filter>
    </ClInclude>
    <ClInclude Include="..\Classes\json\config.h">
      <Filter>src</Filter>
    </ClInclude>
    <ClInclude Include="..\Classes\json\features.h">
      <Filter>src</Filter>
    </ClInclude>
    <ClInclude Include="..\Classes\json\forwards.h">
      <Filter>src</Filter>
    </ClInclude>
    <ClInclude Include="..\Classes\json\json.h">
      <Filter>src</Filter>
    </ClInclude>
    <ClInclude Include="..\Classes\json\json_batchallocator.h">
      <Filter>src</Filter>
    </ClInclude>
    <ClInclude Include="..\Classes\json\reader.h">
      <Filter>src</Filter>
    </ClInclude>
    <ClInclude Include="..\Classes\json\value.h">
      <Filter>src</Filter>
    </ClInclude>
    <ClInclude Include="..\Classes\json\writer.h">
      <Filter>src</Filter>
    </ClInclude>
  </ItemGroup>
  <ItemGroup>
    <ResourceCompile Include="game.rc">
      <Filter>resource</Filter>
    </ResourceCompile>
  </ItemGroup>
  <ItemGroup>
    <None Include="..\Classes\json\json_internalarray.inl">
      <Filter>src</Filter>
    </None>
    <None Include="..\Classes\json\json_internalmap.inl">
      <Filter>src</Filter>
    </None>
    <None Include="..\Classes\json\json_valueiterator.inl">
      <Filter>src</Filter>
    </None>
  </ItemGroup>
</Project>